
Microsoft Visual Studio Solution File, Format Version 12.00
# Visual Studio Version 17
VisualStudioVersion = 17.0.32002.185
MinimumVisualStudioVersion = 10.0.40219.1
Project("{8BC9CEB8-8B4A-11D0-8D11-00A0C91BC942}") = "Project1", "Project1\Project1.vcxproj", "{42C6ABF1-59C7-4C58-9DC3-8485F40B36B1}"
EndProject
Global
	GlobalSection(SolutionConfigurationPlatforms) = preSolution
		Debug|x64 = Debug|x64
		Debug|x86 = Debug|x86
		Release|x64 = Release|x64
		Release|x86 = Release|x86
	EndGlobalSection
	GlobalSection(ProjectConfigurationPlatforms) = postSolution
		{42C6ABF1-59C7-4C58-9DC3-8485F40B36B1}.Debug|x64.ActiveCfg = Debug|x64
		{42C6ABF1-59C7-4C58-9DC3-8485F40B36B1}.Debug|x64.Build.0 = Debug|x64
		{42C6ABF1-59C7-4C58-9DC3-8485F40B36B1}.Debug|x86.ActiveCfg = Debug|Win32
		{42C6ABF1-59C7-4C58-9DC3-8485F40B36B1}.Debug|x86.Build.0 = Debug|Win32
		{42C6ABF1-59C7-4C58-9DC3-8485F40B36B1}.Release|x64.ActiveCfg = Release|x64
		{42C6ABF1-59C7-4C58-9DC3-8485F40B36B1}.Release|x64.Build.0 = Release|x64
		{42C6ABF1-59C7-4C58-9DC3-8485F40B36B1}.Release|x86.ActiveCfg = Release|Win32
		{42C6ABF1-59C7-4C58-9DC3-8485F40B36B1}.Release|x86.Build.0 = Release|Win32
	EndGlobalSection
	GlobalSection(SolutionProperties) = preSolution
		HideSolutionNode = FALSE
	EndGlobalSection
	GlobalSection(ExtensibilityGlobals) = postSolution
		SolutionGuid = {B57CCF75-4447-4B01-A53C-6D92AB3BDE17}
	EndGlobalSection
EndGlobal
